
Microsoft Visual Studio Solution File, Format Version 12.00
# Visual Studio Version 17
VisualStudioVersion = 17.0.31903.59
MinimumVisualStudioVersion = 10.0.40219.1
Project("{FAE04EC0-301F-11D3-BF4B-00C04F79EFBC}") = "minimal-api", "Api\minimal-api.csproj", "{A675D639-BDB6-4D86-882F-B5214D22C65E}"
EndProject
Project("{FAE04EC0-301F-11D3-BF4B-00C04F79EFBC}") = "Test", "Test\Test.csproj", "{F3AD34D2-7DAB-49BB-8579-5788A8F74081}"
EndProject
Global
	GlobalSection(SolutionConfigurationPlatforms) = preSolution
		Debug|Any CPU = Debug|Any CPU
		Release|Any CPU = Release|Any CPU
	EndGlobalSection
	GlobalSection(SolutionProperties) = preSolution
		HideSolutionNode = FALSE
	EndGlobalSection
	GlobalSection(ProjectConfigurationPlatforms) = postSolution
		{A675D639-BDB6-4D86-882F-B5214D22C65E}.Debug|Any CPU.ActiveCfg = Debug|Any CPU
		{A675D639-BDB6-4D86-882F-B5214D22C65E}.Debug|Any CPU.Build.0 = Debug|Any CPU
		{A675D639-BDB6-4D86-882F-B5214D22C65E}.Release|Any CPU.ActiveCfg = Release|Any CPU
		{A675D639-BDB6-4D86-882F-B5214D22C65E}.Release|Any CPU.Build.0 = Release|Any CPU
		{F3AD34D2-7DAB-49BB-8579-5788A8F74081}.Debug|Any CPU.ActiveCfg = Debug|Any CPU
		{F3AD34D2-7DAB-49BB-8579-5788A8F74081}.Debug|Any CPU.Build.0 = Debug|Any CPU
		{F3AD34D2-7DAB-49BB-8579-5788A8F74081}.Release|Any CPU.ActiveCfg = Release|Any CPU
		{F3AD34D2-7DAB-49BB-8579-5788A8F74081}.Release|Any CPU.Build.0 = Release|Any CPU
	EndGlobalSection
EndGlobal
