
Microsoft Visual Studio Solution File, Format Version 12.00
# Visual Studio Version 17
VisualStudioVersion = 17.0.31903.59
MinimumVisualStudioVersion = 10.0.40219.1
Project("{FAE04EC0-301F-11D3-BF4B-00C04F79EFBC}") = "bootcamp", "ExeFundamentos\bootcamp.csproj", "{BCE5332A-FEBC-4E19-9DB8-9A0BEADDD536}"
EndProject
Project("{FAE04EC0-301F-11D3-BF4B-00C04F79EFBC}") = "ExeFundamentos.Common", "ExeFundamentos.Common\ExeFundamentos.Common.csproj", "{6B73AC1B-D7D4-44C5-8868-D97B6552FF5E}"
EndProject
Global
	GlobalSection(SolutionConfigurationPlatforms) = preSolution
		Debug|Any CPU = Debug|Any CPU
		Release|Any CPU = Release|Any CPU
	EndGlobalSection
	GlobalSection(SolutionProperties) = preSolution
		HideSolutionNode = FALSE
	EndGlobalSection
	GlobalSection(ProjectConfigurationPlatforms) = postSolution
		{BCE5332A-FEBC-4E19-9DB8-9A0BEADDD536}.Debug|Any CPU.ActiveCfg = Debug|Any CPU
		{BCE5332A-FEBC-4E19-9DB8-9A0BEADDD536}.Debug|Any CPU.Build.0 = Debug|Any CPU
		{BCE5332A-FEBC-4E19-9DB8-9A0BEADDD536}.Release|Any CPU.ActiveCfg = Release|Any CPU
		{BCE5332A-FEBC-4E19-9DB8-9A0BEADDD536}.Release|Any CPU.Build.0 = Release|Any CPU
		{6B73AC1B-D7D4-44C5-8868-D97B6552FF5E}.Debug|Any CPU.ActiveCfg = Debug|Any CPU
		{6B73AC1B-D7D4-44C5-8868-D97B6552FF5E}.Debug|Any CPU.Build.0 = Debug|Any CPU
		{6B73AC1B-D7D4-44C5-8868-D97B6552FF5E}.Release|Any CPU.ActiveCfg = Release|Any CPU
		{6B73AC1B-D7D4-44C5-8868-D97B6552FF5E}.Release|Any CPU.Build.0 = Release|Any CPU
	EndGlobalSection
EndGlobal
